
Microsoft Visual Studio Solution File, Format Version 12.00
# Visual Studio Version 17
VisualStudioVersion = 17.8.34511.84
MinimumVisualStudioVersion = 10.0.40219.1
Project("{9A19103F-16F7-4668-BE54-9A1E7A4F7556}") = "RegionOneRecruitment", "RegionOneRecruitment\RegionOneRecruitment.csproj", "{1B7E42DB-1420-44A4-B30C-7FED5831BFB2}"
EndProject
Global
	GlobalSection(SolutionConfigurationPlatforms) = preSolution
		Debug|Any CPU = Debug|Any CPU
		Release|Any CPU = Release|Any CPU
	EndGlobalSection
	GlobalSection(ProjectConfigurationPlatforms) = postSolution
		{1B7E42DB-1420-44A4-B30C-7FED5831BFB2}.Debug|Any CPU.ActiveCfg = Debug|Any CPU
		{1B7E42DB-1420-44A4-B30C-7FED5831BFB2}.Debug|Any CPU.Build.0 = Debug|Any CPU
		{1B7E42DB-1420-44A4-B30C-7FED5831BFB2}.Release|Any CPU.ActiveCfg = Release|Any CPU
		{1B7E42DB-1420-44A4-B30C-7FED5831BFB2}.Release|Any CPU.Build.0 = Release|Any CPU
	EndGlobalSection
	GlobalSection(SolutionProperties) = preSolution
		HideSolutionNode = FALSE
	EndGlobalSection
	GlobalSection(ExtensibilityGlobals) = postSolution
		SolutionGuid = {FBBBD737-DD6F-4FC2-8CB1-E79BB8CDB6A5}
	EndGlobalSection
EndGlobal
